
Microsoft Visual Studio Solution File, Format Version 12.00
# Visual Studio Version 16
VisualStudioVersion = 16.0.30804.86
MinimumVisualStudioVersion = 10.0.40219.1
Project("{9A19103F-16F7-4668-BE54-9A1E7A4F7556}") = "AutoBUS.Main", "AutoBUS.Main\AutoBUS.Main.csproj", "{B32AF24C-D6DA-4B5A-85C5-D721EF93568F}"
EndProject
Project("{9A19103F-16F7-4668-BE54-9A1E7A4F7556}") = "AutoBUS.Worker", "AutoBUS.Worker\AutoBUS.Worker.csproj", "{0184F603-92F2-4547-BFED-5D82DB8AC0E6}"
EndProject
Project("{9A19103F-16F7-4668-BE54-9A1E7A4F7556}") = "AutoBUS.Common", "AutoBUS.Common\AutoBUS.Common.csproj", "{0899A888-D518-4ED6-A4B1-8DCDF95330A8}"
EndProject
Global
	GlobalSection(SolutionConfigurationPlatforms) = preSolution
		Debug|Any CPU = Debug|Any CPU
		Release|Any CPU = Release|Any CPU
	EndGlobalSection
	GlobalSection(ProjectConfigurationPlatforms) = postSolution
		{B32AF24C-D6DA-4B5A-85C5-D721EF93568F}.Debug|Any CPU.ActiveCfg = Debug|Any CPU
		{B32AF24C-D6DA-4B5A-85C5-D721EF93568F}.Debug|Any CPU.Build.0 = Debug|Any CPU
		{B32AF24C-D6DA-4B5A-85C5-D721EF93568F}.Release|Any CPU.ActiveCfg = Release|Any CPU
		{B32AF24C-D6DA-4B5A-85C5-D721EF93568F}.Release|Any CPU.Build.0 = Release|Any CPU
		{0184F603-92F2-4547-BFED-5D82DB8AC0E6}.Debug|Any CPU.ActiveCfg = Debug|Any CPU
		{0184F603-92F2-4547-BFED-5D82DB8AC0E6}.Debug|Any CPU.Build.0 = Debug|Any CPU
		{0184F603-92F2-4547-BFED-5D82DB8AC0E6}.Release|Any CPU.ActiveCfg = Release|Any CPU
		{0184F603-92F2-4547-BFED-5D82DB8AC0E6}.Release|Any CPU.Build.0 = Release|Any CPU
		{0899A888-D518-4ED6-A4B1-8DCDF95330A8}.Debug|Any CPU.ActiveCfg = Debug|Any CPU
		{0899A888-D518-4ED6-A4B1-8DCDF95330A8}.Debug|Any CPU.Build.0 = Debug|Any CPU
		{0899A888-D518-4ED6-A4B1-8DCDF95330A8}.Release|Any CPU.ActiveCfg = Release|Any CPU
		{0899A888-D518-4ED6-A4B1-8DCDF95330A8}.Release|Any CPU.Build.0 = Release|Any CPU
	EndGlobalSection
	GlobalSection(SolutionProperties) = preSolution
		HideSolutionNode = FALSE
	EndGlobalSection
	GlobalSection(ExtensibilityGlobals) = postSolution
		SolutionGuid = {6B88845B-5671-4974-BA8B-30258046B33C}
	EndGlobalSection
EndGlobal
